lockfileVersion: '9.0'

settings:
  autoInstallPeers: true
  excludeLinksFromLockfile: false

importers:

  .:
    devDependencies:
      '@types/k6':
        specifier: ^1.0.2
        version: 1.0.2
      k6:
        specifier: ^0.0.0
        version: 0.0.0

packages:

  '@types/k6@1.0.2':
    resolution: {integrity: sha512-bpja1c7OXIJk06aPGN+Aw5f3QhP0PjvgX2Fwfa3rJUaUI+O1ZE3491g9hMjhH21ZlTaAhz7h6veyxaz/RqPUTg==}

  k6@0.0.0:
    resolution: {integrity: sha512-GAQSWayS2+LjbH5bkRi+pMPYyP1JSp7o+4j58ANZ762N/RH/SdlAT3CHHztnn8s/xgg8kYNM24Gd2IPo9b5W+g==}

snapshots:

  '@types/k6@1.0.2': {}

  k6@0.0.0: {}
